<?xml version="1.0" encoding="utf-8"?>
<Project ToolsVersion="4.0" xmlns="http://schemas.microsoft.com/developer/msbuild/2003">
  <ItemGroup>
    <ClCompile Include="src\main.cpp" />
    <ClCompile Include="src\Helper.cpp" />
    <ClCompile Include="src\exception\BetaException.cpp" />
    <ClCompile Include="src\engine\Events.cpp" />
    <ClCompile Include="src\engine\Window.cpp" />
    <ClCompile Include="include\graphics\Texture.h" />
    <ClCompile Include="src\graphics\Texture.cpp" />
    <ClCompile Include="src\App.cpp" />
    <ClCompile Include="src\utility\Color.cpp" />
    <ClCompile Include="src\graphics\ShaderProgram.cpp" />
    <ClCompile Include="src\graphics\VBO.cpp" />
    <ClCompile Include="src\graphics\VAO.cpp" />
  </ItemGroup>
  <ItemGroup>
    <ClInclude Include="include\Helper.h" />
    <ClInclude Include="include\exception\BetaException.h" />
    <ClInclude Include="include\engine\Events.h" />
    <ClInclude Include="include\engine\Window.h" />
    <ClInclude Include="include\App.h" />
    <ClInclude Include="include\utility\Color.h" />
    <ClInclude Include="include\graphics\ShaderProgram.h" />
    <ClInclude Include="include\graphics\VBO.h" />
    <ClInclude Include="include\graphics\VAO.h" />
  </ItemGroup>
  <ItemGroup>
    <None Include="PostBuildDebug.bat" />
    <None Include="PostBuildRelease.bat" />
    <None Include="resource\shader\main\main.glslf" />
    <None Include="resource\shader\main\main.glslv" />
    <None Include="resource\shader\negative\negative.glslf" />
    <None Include="resource\shader\negative\negative.glslv" />
  </ItemGroup>
  <ItemGroup>
    <Image Include="resource\texture\test.png" />
  </ItemGroup>
</Project>