<?xml version="1.0" encoding="utf-8"?>
<Project ToolsVersion="4.0" xmlns="http://schemas.microsoft.com/developer/msbuild/2003">
  <ItemGroup>
    <ClCompile Include="src\main.cpp" />
    <ClCompile Include="src\Helper.cpp" />
    <ClCompile Include="src\exception\BetaException.cpp" />
    <ClCompile Include="src\engine\Events.cpp" />
    <ClCompile Include="src\engine\Window.cpp" />
    <ClCompile Include="src\App.cpp" />
    <ClCompile Include="src\utility\Color.cpp" />
    <ClCompile Include="src\graphics\ShaderProgram.cpp" />
    <ClCompile Include="src\graphics\VBO.cpp" />
    <ClCompile Include="src\graphics\VAO.cpp" />
    <ClCompile Include="src\graphics\Camera.cpp" />
    <ClCompile Include="src\Log.cpp" />
    <ClCompile Include="src\graphics\Texture.cpp" />
    <ClCompile Include="src\world\Chunk.cpp" />
    <ClCompile Include="src\block\Block.cpp" />
    <ClCompile Include="src\block\Air.cpp" />
    <ClCompile Include="src\block\Stone.cpp" />
    <ClCompile Include="src\graphics\ChunkRenderer.cpp" />
    <ClCompile Include="src\world\World.cpp" />
  </ItemGroup>
  <ItemGroup>
    <ClInclude Include="src\engine\Events.h" />
    <ClInclude Include="src\engine\Window.h" />
    <ClInclude Include="src\exception\BetaException.h" />
    <ClInclude Include="src\graphics\Camera.h" />
    <ClInclude Include="src\graphics\ShaderProgram.h" />
    <ClInclude Include="src\graphics\VAO.h" />
    <ClInclude Include="src\graphics\VBO.h" />
    <ClInclude Include="src\utility\Color.h" />
    <ClInclude Include="src\Log.h" />
    <ClInclude Include="src\Helper.h" />
    <ClInclude Include="src\App.h" />
    <ClInclude Include="src\graphics\Texture.h" />
    <ClInclude Include="src\world\Chunk.h" />
    <ClInclude Include="src\utility\Directions.h" />
    <ClInclude Include="src\world\World.h" />
    <ClInclude Include="src\utility\Types.h" />
    <ClInclude Include="src\block\Block.h" />
    <ClInclude Include="src\block\Blocks.h" />
    <ClInclude Include="src\block\Air.h" />
    <ClInclude Include="src\block\Stone.h" />
    <ClInclude Include="src\graphics\ChunkRenderer.h" />
    <ClInclude Include="src\utility\Math.h" />
  </ItemGroup>
  <ItemGroup>
    <None Include="PostBuildDebug.bat" />
    <None Include="PostBuildRelease.bat" />
    <None Include="resource\shader\main\main.glslf" />
    <None Include="resource\shader\main\main.glslv" />
    <None Include="cpp.hint" />
  </ItemGroup>
  <ItemGroup>
    <Image Include="resource\texture\grass.png" />
  </ItemGroup>
</Project>