<?xml version="1.0" encoding="utf-8"?>
<Project ToolsVersion="4.0" xmlns="http://schemas.microsoft.com/developer/msbuild/2003">
  <ItemGroup>
    <ClCompile Include="src\main.cpp" />
    <ClCompile Include="src\Helper.cpp" />
    <ClCompile Include="src\system\Window.cpp" />
    <ClCompile Include="src\exception\BetaException.cpp" />
    <ClCompile Include="src\system\Events.cpp" />
  </ItemGroup>
  <ItemGroup>
    <ClInclude Include="include\Helper.h" />
    <ClInclude Include="include\exception\Exceptions.h" />
    <ClInclude Include="include\system\Window.h" />
    <ClInclude Include="include\exception\BetaException.h" />
    <ClInclude Include="include\system\Events.h" />
  </ItemGroup>
</Project>